
Microsoft Visual Studio Solution File, Format Version 12.00
# Visual Studio Version 17
VisualStudioVersion = 17.2.32526.322
MinimumVisualStudioVersion = 10.0.40219.1
Project("{FAE04EC0-301F-11D3-BF4B-00C04F79EFBC}") = "BankSearch", "BankSearch.csproj", "{02556F63-A139-417F-A0DB-33EC885F1AD5}"
EndProject
Global
	GlobalSection(SolutionConfigurationPlatforms) = preSolution
		Debug|Any CPU = Debug|Any CPU
		Release|Any CPU = Release|Any CPU
	EndGlobalSection
	GlobalSection(ProjectConfigurationPlatforms) = postSolution
		{02556F63-A139-417F-A0DB-33EC885F1AD5}.Debug|Any CPU.ActiveCfg = Debug|Any CPU
		{02556F63-A139-417F-A0DB-33EC885F1AD5}.Debug|Any CPU.Build.0 = Debug|Any CPU
		{02556F63-A139-417F-A0DB-33EC885F1AD5}.Release|Any CPU.ActiveCfg = Release|Any CPU
		{02556F63-A139-417F-A0DB-33EC885F1AD5}.Release|Any CPU.Build.0 = Release|Any CPU
	EndGlobalSection
	GlobalSection(SolutionProperties) = preSolution
		HideSolutionNode = FALSE
	EndGlobalSection
	GlobalSection(ExtensibilityGlobals) = postSolution
		SolutionGuid = {91D0BEF3-2CA2-4F05-BA58-6EE43945C9D0}
	EndGlobalSection
EndGlobal
